{
  "originHash" : "415cd8f1bcb3eaba8b425a3100cff9c66c7967a8f70f094b46f1f4772d5f7f2e",
  "pins" : [
    {
      "identity" : "capacitor-swift-pm",
      "kind" : "remoteSourceControl",
      "location" : "https://github.com/ionic-team/capacitor-swift-pm.git",
      "state" : {
        "revision" : "3e7ccfb8ab4d321ffcbd4e490234758e139f8a09",
        "version" : "8.0.1"
      }
    }
  ],
  "version" : 3
}
